
Microsoft Visual Studio Solution File, Format Version 12.00
# Visual Studio 14
VisualStudioVersion = 14.0.25420.1
MinimumVisualStudioVersion = 10.0.40219.1
Project("{FAE04EC0-301F-11D3-BF4B-00C04F79EFBC}") = "MyCommunity.Webbapp", "MyCommunity.Webbapp\MyCommunity.Webbapp.csproj", "{247E0CD3-58F1-4249-B2F0-FC99E4FC279A}"
EndProject
Project("{00D1A9C2-B5F0-4AF3-8072-F6C62B433612}") = "test", "..\test\test.sqlproj", "{80C220FA-B998-448A-93CA-754A47289D68}"
EndProject
Project("{FAE04EC0-301F-11D3-BF4B-00C04F79EFBC}") = "MyCommunity.Models", "MyCommunity.Models\MyCommunity.Models.csproj", "{3BA1B61B-B108-49AC-B19C-86D7790F9BA2}"
EndProject
Project("{FAE04EC0-301F-11D3-BF4B-00C04F79EFBC}") = "MyCommunity.DataLayer", "MyCommunity.DataLayer\MyCommunity.DataLayer.csproj", "{5E36D2E9-430B-429C-B2D4-82F8BAD60994}"
EndProject
Project("{FAE04EC0-301F-11D3-BF4B-00C04F79EFBC}") = "MyCommunity.Service", "MyCommunity.Service\MyCommunity.Service.csproj", "{80604C78-97F7-4B12-844B-814EFD179E1F}"
EndProject
Global
	GlobalSection(SolutionConfigurationPlatforms) = preSolution
		Debug|Any CPU = Debug|Any CPU
		Release|Any CPU = Release|Any CPU
	EndGlobalSection
	GlobalSection(ProjectConfigurationPlatforms) = postSolution
		{247E0CD3-58F1-4249-B2F0-FC99E4FC279A}.Debug|Any CPU.ActiveCfg = Debug|Any CPU
		{247E0CD3-58F1-4249-B2F0-FC99E4FC279A}.Debug|Any CPU.Build.0 = Debug|Any CPU
		{247E0CD3-58F1-4249-B2F0-FC99E4FC279A}.Release|Any CPU.ActiveCfg = Release|Any CPU
		{247E0CD3-58F1-4249-B2F0-FC99E4FC279A}.Release|Any CPU.Build.0 = Release|Any CPU
		{80C220FA-B998-448A-93CA-754A47289D68}.Debug|Any CPU.ActiveCfg = Debug|Any CPU
		{80C220FA-B998-448A-93CA-754A47289D68}.Debug|Any CPU.Build.0 = Debug|Any CPU
		{80C220FA-B998-448A-93CA-754A47289D68}.Debug|Any CPU.Deploy.0 = Debug|Any CPU
		{80C220FA-B998-448A-93CA-754A47289D68}.Release|Any CPU.ActiveCfg = Release|Any CPU
		{80C220FA-B998-448A-93CA-754A47289D68}.Release|Any CPU.Build.0 = Release|Any CPU
		{80C220FA-B998-448A-93CA-754A47289D68}.Release|Any CPU.Deploy.0 = Release|Any CPU
		{3BA1B61B-B108-49AC-B19C-86D7790F9BA2}.Debug|Any CPU.ActiveCfg = Debug|Any CPU
		{3BA1B61B-B108-49AC-B19C-86D7790F9BA2}.Debug|Any CPU.Build.0 = Debug|Any CPU
		{3BA1B61B-B108-49AC-B19C-86D7790F9BA2}.Release|Any CPU.ActiveCfg = Release|Any CPU
		{3BA1B61B-B108-49AC-B19C-86D7790F9BA2}.Release|Any CPU.Build.0 = Release|Any CPU
		{5E36D2E9-430B-429C-B2D4-82F8BAD60994}.Debug|Any CPU.ActiveCfg = Debug|Any CPU
		{5E36D2E9-430B-429C-B2D4-82F8BAD60994}.Debug|Any CPU.Build.0 = Debug|Any CPU
		{5E36D2E9-430B-429C-B2D4-82F8BAD60994}.Release|Any CPU.ActiveCfg = Release|Any CPU
		{5E36D2E9-430B-429C-B2D4-82F8BAD60994}.Release|Any CPU.Build.0 = Release|Any CPU
		{80604C78-97F7-4B12-844B-814EFD179E1F}.Debug|Any CPU.ActiveCfg = Debug|Any CPU
		{80604C78-97F7-4B12-844B-814EFD179E1F}.Debug|Any CPU.Build.0 = Debug|Any CPU
		{80604C78-97F7-4B12-844B-814EFD179E1F}.Release|Any CPU.ActiveCfg = Release|Any CPU
		{80604C78-97F7-4B12-844B-814EFD179E1F}.Release|Any CPU.Build.0 = Release|Any CPU
	EndGlobalSection
	GlobalSection(SolutionProperties) = preSolution
		HideSolutionNode = FALSE
	EndGlobalSection
EndGlobal
